
Microsoft Visual Studio Solution File, Format Version 12.00
# Visual Studio Version 16
VisualStudioVersion = 16.0.29519.181
MinimumVisualStudioVersion = 10.0.40219.1
Project("{FAE04EC0-301F-11D3-BF4B-00C04F79EFBC}") = "EfCore.WebAPI", "EfCore.WebAPI.csproj", "{1C9CDB90-B831-427B-A9D9-262F16E01A9B}"
EndProject
Global
	GlobalSection(SolutionConfigurationPlatforms) = preSolution
		Debug|Any CPU = Debug|Any CPU
		Release|Any CPU = Release|Any CPU
	EndGlobalSection
	GlobalSection(ProjectConfigurationPlatforms) = postSolution
		{1C9CDB90-B831-427B-A9D9-262F16E01A9B}.Debug|Any CPU.ActiveCfg = Debug|Any CPU
		{1C9CDB90-B831-427B-A9D9-262F16E01A9B}.Debug|Any CPU.Build.0 = Debug|Any CPU
		{1C9CDB90-B831-427B-A9D9-262F16E01A9B}.Release|Any CPU.ActiveCfg = Release|Any CPU
		{1C9CDB90-B831-427B-A9D9-262F16E01A9B}.Release|Any CPU.Build.0 = Release|Any CPU
	EndGlobalSection
	GlobalSection(SolutionProperties) = preSolution
		HideSolutionNode = FALSE
	EndGlobalSection
	GlobalSection(ExtensibilityGlobals) = postSolution
		SolutionGuid = {D21FFFD9-006A-4B4D-9E56-B6B6E62DC1C9}
	EndGlobalSection
EndGlobal
